# This file is automatically @generated by Cargo.
# It is not intended for manual editing.
version = 3

[[package]]
name = "d_vector"
version = "0.1.0"

[[package]]
name = "mol"
version = "0.1.0"
dependencies = [
 "d_vector",
 "mol_job",
]

[[package]]
name = "mol_job"
version = "0.1.0"
dependencies = [
 "d_vector",
]
